
Microsoft Visual Studio Solution File, Format Version 12.00
# Visual Studio Version 17
VisualStudioVersion = 17.6.33626.354
MinimumVisualStudioVersion = 10.0.40219.1
Project("{9A19103F-16F7-4668-BE54-9A1E7A4F7556}") = "Pie", "Pie\Pie.csproj", "{9DC1F404-D0CB-4264-92D5-19664DAD490F}"
EndProject
Project("{E53339B2-1760-4266-BCC7-CA923CBCF16C}") = "docker-compose", "docker-compose.dcproj", "{FECD8582-730F-4CEF-B60F-DDB180DE60C0}"
EndProject
Project("{FAE04EC0-301F-11D3-BF4B-00C04F79EFBC}") = "Pie.Proxy", "..\Pie.Proxy\Pie.Proxy.csproj", "{092F07D8-3AA3-488A-8B5A-51043013988D}"
EndProject
Global
	GlobalSection(SolutionConfigurationPlatforms) = preSolution
		Debug|Any CPU = Debug|Any CPU
		Release|Any CPU = Release|Any CPU
	EndGlobalSection
	GlobalSection(ProjectConfigurationPlatforms) = postSolution
		{9DC1F404-D0CB-4264-92D5-19664DAD490F}.Debug|Any CPU.ActiveCfg = Debug|Any CPU
		{9DC1F404-D0CB-4264-92D5-19664DAD490F}.Debug|Any CPU.Build.0 = Debug|Any CPU
		{9DC1F404-D0CB-4264-92D5-19664DAD490F}.Release|Any CPU.ActiveCfg = Release|Any CPU
		{9DC1F404-D0CB-4264-92D5-19664DAD490F}.Release|Any CPU.Build.0 = Release|Any CPU
		{FECD8582-730F-4CEF-B60F-DDB180DE60C0}.Debug|Any CPU.ActiveCfg = Debug|Any CPU
		{FECD8582-730F-4CEF-B60F-DDB180DE60C0}.Debug|Any CPU.Build.0 = Debug|Any CPU
		{FECD8582-730F-4CEF-B60F-DDB180DE60C0}.Release|Any CPU.ActiveCfg = Release|Any CPU
		{FECD8582-730F-4CEF-B60F-DDB180DE60C0}.Release|Any CPU.Build.0 = Release|Any CPU
		{092F07D8-3AA3-488A-8B5A-51043013988D}.Debug|Any CPU.ActiveCfg = Debug|Any CPU
		{092F07D8-3AA3-488A-8B5A-51043013988D}.Debug|Any CPU.Build.0 = Debug|Any CPU
		{092F07D8-3AA3-488A-8B5A-51043013988D}.Release|Any CPU.ActiveCfg = Release|Any CPU
		{092F07D8-3AA3-488A-8B5A-51043013988D}.Release|Any CPU.Build.0 = Release|Any CPU
	EndGlobalSection
	GlobalSection(SolutionProperties) = preSolution
		HideSolutionNode = FALSE
	EndGlobalSection
	GlobalSection(ExtensibilityGlobals) = postSolution
		SolutionGuid = {DF6145C6-330E-4CA6-88B9-B30BFFE8FE67}
	EndGlobalSection
EndGlobal
